
Microsoft Visual Studio Solution File, Format Version 12.00
# Visual Studio 15
VisualStudioVersion = 15.0.26124.0
MinimumVisualStudioVersion = 15.0.26124.0
Project("{2150E333-8FDC-42A3-9474-1A3956D46DE8}") = "src", "src", "{5890B8B5-1764-4444-A661-FA507EB8D0B8}"
EndProject
Project("{9A19103F-16F7-4668-BE54-9A1E7A4F7556}") = "HelloWercker", "src\HelloWercker\HelloWercker.csproj", "{42511419-2C04-45CA-AD56-AA3AD0CCC1A8}"
EndProject
Project("{9A19103F-16F7-4668-BE54-9A1E7A4F7556}") = "HelloCircleCI", "src\HelloCircleCI\HelloCircleCI.csproj", "{04838119-9CB3-4D64-BF42-CC406B79ABFA}"
EndProject
Project("{E53339B2-1760-4266-BCC7-CA923CBCF16C}") = "docker-compose", "docker-compose.dcproj", "{AA2ABBA0-3D28-46F8-A623-F95D4D809F33}"
EndProject
Global
	GlobalSection(SolutionConfigurationPlatforms) = preSolution
		Debug|Any CPU = Debug|Any CPU
		Debug|x64 = Debug|x64
		Debug|x86 = Debug|x86
		Release|Any CPU = Release|Any CPU
		Release|x64 = Release|x64
		Release|x86 = Release|x86
	EndGlobalSection
	GlobalSection(ProjectConfigurationPlatforms) = postSolution
		{42511419-2C04-45CA-AD56-AA3AD0CCC1A8}.Debug|Any CPU.ActiveCfg = Debug|Any CPU
		{42511419-2C04-45CA-AD56-AA3AD0CCC1A8}.Debug|Any CPU.Build.0 = Debug|Any CPU
		{42511419-2C04-45CA-AD56-AA3AD0CCC1A8}.Debug|x64.ActiveCfg = Debug|Any CPU
		{42511419-2C04-45CA-AD56-AA3AD0CCC1A8}.Debug|x64.Build.0 = Debug|Any CPU
		{42511419-2C04-45CA-AD56-AA3AD0CCC1A8}.Debug|x86.ActiveCfg = Debug|Any CPU
		{42511419-2C04-45CA-AD56-AA3AD0CCC1A8}.Debug|x86.Build.0 = Debug|Any CPU
		{42511419-2C04-45CA-AD56-AA3AD0CCC1A8}.Release|Any CPU.ActiveCfg = Release|Any CPU
		{42511419-2C04-45CA-AD56-AA3AD0CCC1A8}.Release|Any CPU.Build.0 = Release|Any CPU
		{42511419-2C04-45CA-AD56-AA3AD0CCC1A8}.Release|x64.ActiveCfg = Release|Any CPU
		{42511419-2C04-45CA-AD56-AA3AD0CCC1A8}.Release|x64.Build.0 = Release|Any CPU
		{42511419-2C04-45CA-AD56-AA3AD0CCC1A8}.Release|x86.ActiveCfg = Release|Any CPU
		{42511419-2C04-45CA-AD56-AA3AD0CCC1A8}.Release|x86.Build.0 = Release|Any CPU
		{04838119-9CB3-4D64-BF42-CC406B79ABFA}.Debug|Any CPU.ActiveCfg = Debug|Any CPU
		{04838119-9CB3-4D64-BF42-CC406B79ABFA}.Debug|Any CPU.Build.0 = Debug|Any CPU
		{04838119-9CB3-4D64-BF42-CC406B79ABFA}.Debug|x64.ActiveCfg = Debug|Any CPU
		{04838119-9CB3-4D64-BF42-CC406B79ABFA}.Debug|x64.Build.0 = Debug|Any CPU
		{04838119-9CB3-4D64-BF42-CC406B79ABFA}.Debug|x86.ActiveCfg = Debug|Any CPU
		{04838119-9CB3-4D64-BF42-CC406B79ABFA}.Debug|x86.Build.0 = Debug|Any CPU
		{04838119-9CB3-4D64-BF42-CC406B79ABFA}.Release|Any CPU.ActiveCfg = Release|Any CPU
		{04838119-9CB3-4D64-BF42-CC406B79ABFA}.Release|Any CPU.Build.0 = Release|Any CPU
		{04838119-9CB3-4D64-BF42-CC406B79ABFA}.Release|x64.ActiveCfg = Release|Any CPU
		{04838119-9CB3-4D64-BF42-CC406B79ABFA}.Release|x64.Build.0 = Release|Any CPU
		{04838119-9CB3-4D64-BF42-CC406B79ABFA}.Release|x86.ActiveCfg = Release|Any CPU
		{04838119-9CB3-4D64-BF42-CC406B79ABFA}.Release|x86.Build.0 = Release|Any CPU
		{AA2ABBA0-3D28-46F8-A623-F95D4D809F33}.Debug|Any CPU.ActiveCfg = Debug|Any CPU
		{AA2ABBA0-3D28-46F8-A623-F95D4D809F33}.Debug|Any CPU.Build.0 = Debug|Any CPU
		{AA2ABBA0-3D28-46F8-A623-F95D4D809F33}.Debug|x64.ActiveCfg = Debug|Any CPU
		{AA2ABBA0-3D28-46F8-A623-F95D4D809F33}.Debug|x64.Build.0 = Debug|Any CPU
		{AA2ABBA0-3D28-46F8-A623-F95D4D809F33}.Debug|x86.ActiveCfg = Debug|Any CPU
		{AA2ABBA0-3D28-46F8-A623-F95D4D809F33}.Debug|x86.Build.0 = Debug|Any CPU
		{AA2ABBA0-3D28-46F8-A623-F95D4D809F33}.Release|Any CPU.ActiveCfg = Release|Any CPU
		{AA2ABBA0-3D28-46F8-A623-F95D4D809F33}.Release|Any CPU.Build.0 = Release|Any CPU
		{AA2ABBA0-3D28-46F8-A623-F95D4D809F33}.Release|x64.ActiveCfg = Release|Any CPU
		{AA2ABBA0-3D28-46F8-A623-F95D4D809F33}.Release|x64.Build.0 = Release|Any CPU
		{AA2ABBA0-3D28-46F8-A623-F95D4D809F33}.Release|x86.ActiveCfg = Release|Any CPU
		{AA2ABBA0-3D28-46F8-A623-F95D4D809F33}.Release|x86.Build.0 = Release|Any CPU
	EndGlobalSection
	GlobalSection(SolutionProperties) = preSolution
		HideSolutionNode = FALSE
	EndGlobalSection
	GlobalSection(NestedProjects) = preSolution
		{42511419-2C04-45CA-AD56-AA3AD0CCC1A8} = {5890B8B5-1764-4444-A661-FA507EB8D0B8}
		{04838119-9CB3-4D64-BF42-CC406B79ABFA} = {5890B8B5-1764-4444-A661-FA507EB8D0B8}
	EndGlobalSection
	GlobalSection(ExtensibilityGlobals) = postSolution
		SolutionGuid = {FCB61D3F-7F91-4B40-BE44-DF25A73D1857}
	EndGlobalSection
EndGlobal
