
Microsoft Visual Studio Solution File, Format Version 12.00
# Visual Studio 15
VisualStudioVersion = 15.0.26124.0
MinimumVisualStudioVersion = 15.0.26124.0
Project("{2150E333-8FDC-42A3-9474-1A3956D46DE8}") = "src", "src", "{5890B8B5-1764-4444-A661-FA507EB8D0B8}"
EndProject
Project("{9A19103F-16F7-4668-BE54-9A1E7A4F7556}") = "HelloWercker", "src\HelloWercker\HelloWercker.csproj", "{42511419-2C04-45CA-AD56-AA3AD0CCC1A8}"
EndProject
Project("{9A19103F-16F7-4668-BE54-9A1E7A4F7556}") = "HelloCircleCI", "src\HelloCircleCI\HelloCircleCI.csproj", "{04838119-9CB3-4D64-BF42-CC406B79ABFA}"
EndProject
Project("{9A19103F-16F7-4668-BE54-9A1E7A4F7556}") = "HelloJenkins", "src\HelloJenkins\HelloJenkins.csproj", "{98813697-C57D-43D3-A405-908BD4F8870B}"
EndProject
Project("{9A19103F-16F7-4668-BE54-9A1E7A4F7556}") = "HelloTeamCity", "src\HelloTeamCity\HelloTeamCity.csproj", "{D965E79D-B507-4F42-87D8-9F2A1601EBFA}"
EndProject
Project("{9A19103F-16F7-4668-BE54-9A1E7A4F7556}") = "HelloTravisCI", "src\HelloTravisCI\HelloTravisCI.csproj", "{D6723CBB-A2A1-479C-A878-ABFE8426CA02}"
EndProject
Project("{E53339B2-1760-4266-BCC7-CA923CBCF16C}") = "docker-compose", "docker-compose.dcproj", "{40B03EC7-F1A9-4245-998F-1EBFEDDA15AC}"
EndProject
Project("{2150E333-8FDC-42A3-9474-1A3956D46DE8}") = "Solution Items", "Solution Items", "{1913AC8B-5E9F-4792-97DA-8FCB3CA058A5}"
EndProject
Global
	GlobalSection(SolutionConfigurationPlatforms) = preSolution
		Debug|Any CPU = Debug|Any CPU
		Debug|x64 = Debug|x64
		Debug|x86 = Debug|x86
		Release|Any CPU = Release|Any CPU
		Release|x64 = Release|x64
		Release|x86 = Release|x86
	EndGlobalSection
	GlobalSection(ProjectConfigurationPlatforms) = postSolution
		{42511419-2C04-45CA-AD56-AA3AD0CCC1A8}.Debug|Any CPU.ActiveCfg = Debug|Any CPU
		{42511419-2C04-45CA-AD56-AA3AD0CCC1A8}.Debug|Any CPU.Build.0 = Debug|Any CPU
		{42511419-2C04-45CA-AD56-AA3AD0CCC1A8}.Debug|x64.ActiveCfg = Debug|Any CPU
		{42511419-2C04-45CA-AD56-AA3AD0CCC1A8}.Debug|x64.Build.0 = Debug|Any CPU
		{42511419-2C04-45CA-AD56-AA3AD0CCC1A8}.Debug|x86.ActiveCfg = Debug|Any CPU
		{42511419-2C04-45CA-AD56-AA3AD0CCC1A8}.Debug|x86.Build.0 = Debug|Any CPU
		{42511419-2C04-45CA-AD56-AA3AD0CCC1A8}.Release|Any CPU.ActiveCfg = Release|Any CPU
		{42511419-2C04-45CA-AD56-AA3AD0CCC1A8}.Release|Any CPU.Build.0 = Release|Any CPU
		{42511419-2C04-45CA-AD56-AA3AD0CCC1A8}.Release|x64.ActiveCfg = Release|Any CPU
		{42511419-2C04-45CA-AD56-AA3AD0CCC1A8}.Release|x64.Build.0 = Release|Any CPU
		{42511419-2C04-45CA-AD56-AA3AD0CCC1A8}.Release|x86.ActiveCfg = Release|Any CPU
		{42511419-2C04-45CA-AD56-AA3AD0CCC1A8}.Release|x86.Build.0 = Release|Any CPU
		{04838119-9CB3-4D64-BF42-CC406B79ABFA}.Debug|Any CPU.ActiveCfg = Debug|Any CPU
		{04838119-9CB3-4D64-BF42-CC406B79ABFA}.Debug|Any CPU.Build.0 = Debug|Any CPU
		{04838119-9CB3-4D64-BF42-CC406B79ABFA}.Debug|x64.ActiveCfg = Debug|Any CPU
		{04838119-9CB3-4D64-BF42-CC406B79ABFA}.Debug|x64.Build.0 = Debug|Any CPU
		{04838119-9CB3-4D64-BF42-CC406B79ABFA}.Debug|x86.ActiveCfg = Debug|Any CPU
		{04838119-9CB3-4D64-BF42-CC406B79ABFA}.Debug|x86.Build.0 = Debug|Any CPU
		{04838119-9CB3-4D64-BF42-CC406B79ABFA}.Release|Any CPU.ActiveCfg = Release|Any CPU
		{04838119-9CB3-4D64-BF42-CC406B79ABFA}.Release|Any CPU.Build.0 = Release|Any CPU
		{04838119-9CB3-4D64-BF42-CC406B79ABFA}.Release|x64.ActiveCfg = Release|Any CPU
		{04838119-9CB3-4D64-BF42-CC406B79ABFA}.Release|x64.Build.0 = Release|Any CPU
		{04838119-9CB3-4D64-BF42-CC406B79ABFA}.Release|x86.ActiveCfg = Release|Any CPU
		{04838119-9CB3-4D64-BF42-CC406B79ABFA}.Release|x86.Build.0 = Release|Any CPU
		{98813697-C57D-43D3-A405-908BD4F8870B}.Debug|Any CPU.ActiveCfg = Debug|Any CPU
		{98813697-C57D-43D3-A405-908BD4F8870B}.Debug|Any CPU.Build.0 = Debug|Any CPU
		{98813697-C57D-43D3-A405-908BD4F8870B}.Debug|x64.ActiveCfg = Debug|Any CPU
		{98813697-C57D-43D3-A405-908BD4F8870B}.Debug|x64.Build.0 = Debug|Any CPU
		{98813697-C57D-43D3-A405-908BD4F8870B}.Debug|x86.ActiveCfg = Debug|Any CPU
		{98813697-C57D-43D3-A405-908BD4F8870B}.Debug|x86.Build.0 = Debug|Any CPU
		{98813697-C57D-43D3-A405-908BD4F8870B}.Release|Any CPU.ActiveCfg = Release|Any CPU
		{98813697-C57D-43D3-A405-908BD4F8870B}.Release|Any CPU.Build.0 = Release|Any CPU
		{98813697-C57D-43D3-A405-908BD4F8870B}.Release|x64.ActiveCfg = Release|Any CPU
		{98813697-C57D-43D3-A405-908BD4F8870B}.Release|x64.Build.0 = Release|Any CPU
		{98813697-C57D-43D3-A405-908BD4F8870B}.Release|x86.ActiveCfg = Release|Any CPU
		{98813697-C57D-43D3-A405-908BD4F8870B}.Release|x86.Build.0 = Release|Any CPU
		{D965E79D-B507-4F42-87D8-9F2A1601EBFA}.Debug|Any CPU.ActiveCfg = Debug|Any CPU
		{D965E79D-B507-4F42-87D8-9F2A1601EBFA}.Debug|Any CPU.Build.0 = Debug|Any CPU
		{D965E79D-B507-4F42-87D8-9F2A1601EBFA}.Debug|x64.ActiveCfg = Debug|Any CPU
		{D965E79D-B507-4F42-87D8-9F2A1601EBFA}.Debug|x64.Build.0 = Debug|Any CPU
		{D965E79D-B507-4F42-87D8-9F2A1601EBFA}.Debug|x86.ActiveCfg = Debug|Any CPU
		{D965E79D-B507-4F42-87D8-9F2A1601EBFA}.Debug|x86.Build.0 = Debug|Any CPU
		{D965E79D-B507-4F42-87D8-9F2A1601EBFA}.Release|Any CPU.ActiveCfg = Release|Any CPU
		{D965E79D-B507-4F42-87D8-9F2A1601EBFA}.Release|Any CPU.Build.0 = Release|Any CPU
		{D965E79D-B507-4F42-87D8-9F2A1601EBFA}.Release|x64.ActiveCfg = Release|Any CPU
		{D965E79D-B507-4F42-87D8-9F2A1601EBFA}.Release|x64.Build.0 = Release|Any CPU
		{D965E79D-B507-4F42-87D8-9F2A1601EBFA}.Release|x86.ActiveCfg = Release|Any CPU
		{D965E79D-B507-4F42-87D8-9F2A1601EBFA}.Release|x86.Build.0 = Release|Any CPU
		{D6723CBB-A2A1-479C-A878-ABFE8426CA02}.Debug|Any CPU.ActiveCfg = Debug|Any CPU
		{D6723CBB-A2A1-479C-A878-ABFE8426CA02}.Debug|Any CPU.Build.0 = Debug|Any CPU
		{D6723CBB-A2A1-479C-A878-ABFE8426CA02}.Debug|x64.ActiveCfg = Debug|Any CPU
		{D6723CBB-A2A1-479C-A878-ABFE8426CA02}.Debug|x64.Build.0 = Debug|Any CPU
		{D6723CBB-A2A1-479C-A878-ABFE8426CA02}.Debug|x86.ActiveCfg = Debug|Any CPU
		{D6723CBB-A2A1-479C-A878-ABFE8426CA02}.Debug|x86.Build.0 = Debug|Any CPU
		{D6723CBB-A2A1-479C-A878-ABFE8426CA02}.Release|Any CPU.ActiveCfg = Release|Any CPU
		{D6723CBB-A2A1-479C-A878-ABFE8426CA02}.Release|Any CPU.Build.0 = Release|Any CPU
		{D6723CBB-A2A1-479C-A878-ABFE8426CA02}.Release|x64.ActiveCfg = Release|Any CPU
		{D6723CBB-A2A1-479C-A878-ABFE8426CA02}.Release|x64.Build.0 = Release|Any CPU
		{D6723CBB-A2A1-479C-A878-ABFE8426CA02}.Release|x86.ActiveCfg = Release|Any CPU
		{D6723CBB-A2A1-479C-A878-ABFE8426CA02}.Release|x86.Build.0 = Release|Any CPU
		{40B03EC7-F1A9-4245-998F-1EBFEDDA15AC}.Debug|Any CPU.ActiveCfg = Debug|Any CPU
		{40B03EC7-F1A9-4245-998F-1EBFEDDA15AC}.Debug|Any CPU.Build.0 = Debug|Any CPU
		{40B03EC7-F1A9-4245-998F-1EBFEDDA15AC}.Debug|x64.ActiveCfg = Debug|Any CPU
		{40B03EC7-F1A9-4245-998F-1EBFEDDA15AC}.Debug|x64.Build.0 = Debug|Any CPU
		{40B03EC7-F1A9-4245-998F-1EBFEDDA15AC}.Debug|x86.ActiveCfg = Debug|Any CPU
		{40B03EC7-F1A9-4245-998F-1EBFEDDA15AC}.Debug|x86.Build.0 = Debug|Any CPU
		{40B03EC7-F1A9-4245-998F-1EBFEDDA15AC}.Release|Any CPU.ActiveCfg = Release|Any CPU
		{40B03EC7-F1A9-4245-998F-1EBFEDDA15AC}.Release|Any CPU.Build.0 = Release|Any CPU
		{40B03EC7-F1A9-4245-998F-1EBFEDDA15AC}.Release|x64.ActiveCfg = Release|Any CPU
		{40B03EC7-F1A9-4245-998F-1EBFEDDA15AC}.Release|x64.Build.0 = Release|Any CPU
		{40B03EC7-F1A9-4245-998F-1EBFEDDA15AC}.Release|x86.ActiveCfg = Release|Any CPU
		{40B03EC7-F1A9-4245-998F-1EBFEDDA15AC}.Release|x86.Build.0 = Release|Any CPU
	EndGlobalSection
	GlobalSection(SolutionProperties) = preSolution
		HideSolutionNode = FALSE
	EndGlobalSection
	GlobalSection(NestedProjects) = preSolution
		{42511419-2C04-45CA-AD56-AA3AD0CCC1A8} = {5890B8B5-1764-4444-A661-FA507EB8D0B8}
		{04838119-9CB3-4D64-BF42-CC406B79ABFA} = {5890B8B5-1764-4444-A661-FA507EB8D0B8}
		{98813697-C57D-43D3-A405-908BD4F8870B} = {5890B8B5-1764-4444-A661-FA507EB8D0B8}
		{D965E79D-B507-4F42-87D8-9F2A1601EBFA} = {5890B8B5-1764-4444-A661-FA507EB8D0B8}
		{D6723CBB-A2A1-479C-A878-ABFE8426CA02} = {5890B8B5-1764-4444-A661-FA507EB8D0B8}
	EndGlobalSection
	GlobalSection(ExtensibilityGlobals) = postSolution
		SolutionGuid = {FCB61D3F-7F91-4B40-BE44-DF25A73D1857}
	EndGlobalSection
EndGlobal
